
Microsoft Visual Studio Solution File, Format Version 12.00
# Visual Studio Version 16
VisualStudioVersion = 16.0.31911.196
MinimumVisualStudioVersion = 10.0.40219.1
Project("{9A19103F-16F7-4668-BE54-9A1E7A4F7556}") = "signalr.Api", "signalr.Api\signalr.Api.csproj", "{0FC5ADCD-9F3E-4FD0-9727-D5FBC3E0FF3A}"
EndProject
Project("{FAE04EC0-301F-11D3-BF4B-00C04F79EFBC}") = "signalr.Client", "signalr.Client\signalr.Client.csproj", "{CEA4EA58-2EFC-4D39-9D04-FC0A4AF375B6}"
EndProject
Global
	GlobalSection(SolutionConfigurationPlatforms) = preSolution
		Debug|Any CPU = Debug|Any CPU
		Release|Any CPU = Release|Any CPU
	EndGlobalSection
	GlobalSection(ProjectConfigurationPlatforms) = postSolution
		{0FC5ADCD-9F3E-4FD0-9727-D5FBC3E0FF3A}.Debug|Any CPU.ActiveCfg = Debug|Any CPU
		{0FC5ADCD-9F3E-4FD0-9727-D5FBC3E0FF3A}.Debug|Any CPU.Build.0 = Debug|Any CPU
		{0FC5ADCD-9F3E-4FD0-9727-D5FBC3E0FF3A}.Release|Any CPU.ActiveCfg = Release|Any CPU
		{0FC5ADCD-9F3E-4FD0-9727-D5FBC3E0FF3A}.Release|Any CPU.Build.0 = Release|Any CPU
		{CEA4EA58-2EFC-4D39-9D04-FC0A4AF375B6}.Debug|Any CPU.ActiveCfg = Debug|Any CPU
		{CEA4EA58-2EFC-4D39-9D04-FC0A4AF375B6}.Debug|Any CPU.Build.0 = Debug|Any CPU
		{CEA4EA58-2EFC-4D39-9D04-FC0A4AF375B6}.Release|Any CPU.ActiveCfg = Release|Any CPU
		{CEA4EA58-2EFC-4D39-9D04-FC0A4AF375B6}.Release|Any CPU.Build.0 = Release|Any CPU
	EndGlobalSection
	GlobalSection(SolutionProperties) = preSolution
		HideSolutionNode = FALSE
	EndGlobalSection
	GlobalSection(ExtensibilityGlobals) = postSolution
		SolutionGuid = {F9B98BAC-AA92-4C0E-9648-4D37B28D3A8A}
	EndGlobalSection
EndGlobal
